
Microsoft Visual Studio Solution File, Format Version 12.00
# Visual Studio Version 16
VisualStudioVersion = 16.0.31402.337
MinimumVisualStudioVersion = 10.0.40219.1
Project("{9A19103F-16F7-4668-BE54-9A1E7A4F7556}") = "Tests", "Tests\Tests.csproj", "{89C8014F-0947-41E9-9C54-E7C7C1979C24}"
EndProject
Project("{9A19103F-16F7-4668-BE54-9A1E7A4F7556}") = "Demo", "Demo\Demo.csproj", "{1B665204-62FA-42C5-A36D-FB413966A065}"
EndProject
Project("{9A19103F-16F7-4668-BE54-9A1E7A4F7556}") = "Sources", "Sources\Sources.csproj", "{F978039F-F50C-4A9B-A180-A9261333D6AA}"
EndProject
Global
	GlobalSection(SolutionConfigurationPlatforms) = preSolution
		Debug|Any CPU = Debug|Any CPU
		Release|Any CPU = Release|Any CPU
	EndGlobalSection
	GlobalSection(ProjectConfigurationPlatforms) = postSolution
		{89C8014F-0947-41E9-9C54-E7C7C1979C24}.Debug|Any CPU.ActiveCfg = Debug|Any CPU
		{89C8014F-0947-41E9-9C54-E7C7C1979C24}.Debug|Any CPU.Build.0 = Debug|Any CPU
		{89C8014F-0947-41E9-9C54-E7C7C1979C24}.Release|Any CPU.ActiveCfg = Release|Any CPU
		{89C8014F-0947-41E9-9C54-E7C7C1979C24}.Release|Any CPU.Build.0 = Release|Any CPU
		{1B665204-62FA-42C5-A36D-FB413966A065}.Debug|Any CPU.ActiveCfg = Debug|Any CPU
		{1B665204-62FA-42C5-A36D-FB413966A065}.Debug|Any CPU.Build.0 = Debug|Any CPU
		{1B665204-62FA-42C5-A36D-FB413966A065}.Release|Any CPU.ActiveCfg = Release|Any CPU
		{1B665204-62FA-42C5-A36D-FB413966A065}.Release|Any CPU.Build.0 = Release|Any CPU
		{F978039F-F50C-4A9B-A180-A9261333D6AA}.Debug|Any CPU.ActiveCfg = Debug|Any CPU
		{F978039F-F50C-4A9B-A180-A9261333D6AA}.Debug|Any CPU.Build.0 = Debug|Any CPU
		{F978039F-F50C-4A9B-A180-A9261333D6AA}.Release|Any CPU.ActiveCfg = Release|Any CPU
		{F978039F-F50C-4A9B-A180-A9261333D6AA}.Release|Any CPU.Build.0 = Release|Any CPU
	EndGlobalSection
	GlobalSection(SolutionProperties) = preSolution
		HideSolutionNode = FALSE
	EndGlobalSection
	GlobalSection(ExtensibilityGlobals) = postSolution
		SolutionGuid = {CA357A53-29A7-44D0-85A4-C2C2910B0986}
	EndGlobalSection
EndGlobal
